
Microsoft Visual Studio Solution File, Format Version 12.00
# Visual Studio 15
VisualStudioVersion = 15.0.28307.489
MinimumVisualStudioVersion = 10.0.40219.1
Project("{9A19103F-16F7-4668-BE54-9A1E7A4F7556}") = "ProjectinternDB", "ProjectinternDB\ProjectinternDB.csproj", "{BF2066C9-C40E-4346-AA0F-4705502C485E}"
EndProject
Project("{9A19103F-16F7-4668-BE54-9A1E7A4F7556}") = "Data", "Data\Data.csproj", "{8CE8F2E5-3780-4AD7-AA52-0E3E5CC01FBD}"
EndProject
Project("{9A19103F-16F7-4668-BE54-9A1E7A4F7556}") = "Logic", "Logic\Logic.csproj", "{73648505-2E0D-4ABF-9425-B7E947550BB4}"
EndProject
Project("{9A19103F-16F7-4668-BE54-9A1E7A4F7556}") = "Model", "Model\Model.csproj", "{6F7C1C2D-3957-47B7-97BD-011FAD7153B7}"
EndProject
Project("{FAE04EC0-301F-11D3-BF4B-00C04F79EFBC}") = "UnitTest", "UnitTest\UnitTest.csproj", "{653E71C7-F248-4478-9A3A-0C97B02D742B}"
EndProject
Global
	GlobalSection(SolutionConfigurationPlatforms) = preSolution
		Debug|Any CPU = Debug|Any CPU
		Debug|ARM = Debug|ARM
		Debug|ARM64 = Debug|ARM64
		Debug|x64 = Debug|x64
		Debug|x86 = Debug|x86
		Release|Any CPU = Release|Any CPU
		Release|ARM = Release|ARM
		Release|ARM64 = Release|ARM64
		Release|x64 = Release|x64
		Release|x86 = Release|x86
	EndGlobalSection
	GlobalSection(ProjectConfigurationPlatforms) = postSolution
		{BF2066C9-C40E-4346-AA0F-4705502C485E}.Debug|Any CPU.ActiveCfg = Debug|Any CPU
		{BF2066C9-C40E-4346-AA0F-4705502C485E}.Debug|Any CPU.Build.0 = Debug|Any CPU
		{BF2066C9-C40E-4346-AA0F-4705502C485E}.Debug|ARM.ActiveCfg = Debug|Any CPU
		{BF2066C9-C40E-4346-AA0F-4705502C485E}.Debug|ARM.Build.0 = Debug|Any CPU
		{BF2066C9-C40E-4346-AA0F-4705502C485E}.Debug|ARM64.ActiveCfg = Debug|Any CPU
		{BF2066C9-C40E-4346-AA0F-4705502C485E}.Debug|ARM64.Build.0 = Debug|Any CPU
		{BF2066C9-C40E-4346-AA0F-4705502C485E}.Debug|x64.ActiveCfg = Debug|Any CPU
		{BF2066C9-C40E-4346-AA0F-4705502C485E}.Debug|x64.Build.0 = Debug|Any CPU
		{BF2066C9-C40E-4346-AA0F-4705502C485E}.Debug|x86.ActiveCfg = Debug|Any CPU
		{BF2066C9-C40E-4346-AA0F-4705502C485E}.Debug|x86.Build.0 = Debug|Any CPU
		{BF2066C9-C40E-4346-AA0F-4705502C485E}.Release|Any CPU.ActiveCfg = Release|Any CPU
		{BF2066C9-C40E-4346-AA0F-4705502C485E}.Release|Any CPU.Build.0 = Release|Any CPU
		{BF2066C9-C40E-4346-AA0F-4705502C485E}.Release|ARM.ActiveCfg = Release|Any CPU
		{BF2066C9-C40E-4346-AA0F-4705502C485E}.Release|ARM.Build.0 = Release|Any CPU
		{BF2066C9-C40E-4346-AA0F-4705502C485E}.Release|ARM64.ActiveCfg = Release|Any CPU
		{BF2066C9-C40E-4346-AA0F-4705502C485E}.Release|ARM64.Build.0 = Release|Any CPU
		{BF2066C9-C40E-4346-AA0F-4705502C485E}.Release|x64.ActiveCfg = Release|Any CPU
		{BF2066C9-C40E-4346-AA0F-4705502C485E}.Release|x64.Build.0 = Release|Any CPU
		{BF2066C9-C40E-4346-AA0F-4705502C485E}.Release|x86.ActiveCfg = Release|Any CPU
		{BF2066C9-C40E-4346-AA0F-4705502C485E}.Release|x86.Build.0 = Release|Any CPU
		{8CE8F2E5-3780-4AD7-AA52-0E3E5CC01FBD}.Debug|Any CPU.ActiveCfg = Debug|Any CPU
		{8CE8F2E5-3780-4AD7-AA52-0E3E5CC01FBD}.Debug|Any CPU.Build.0 = Debug|Any CPU
		{8CE8F2E5-3780-4AD7-AA52-0E3E5CC01FBD}.Debug|ARM.ActiveCfg = Debug|Any CPU
		{8CE8F2E5-3780-4AD7-AA52-0E3E5CC01FBD}.Debug|ARM.Build.0 = Debug|Any CPU
		{8CE8F2E5-3780-4AD7-AA52-0E3E5CC01FBD}.Debug|ARM64.ActiveCfg = Debug|Any CPU
		{8CE8F2E5-3780-4AD7-AA52-0E3E5CC01FBD}.Debug|ARM64.Build.0 = Debug|Any CPU
		{8CE8F2E5-3780-4AD7-AA52-0E3E5CC01FBD}.Debug|x64.ActiveCfg = Debug|Any CPU
		{8CE8F2E5-3780-4AD7-AA52-0E3E5CC01FBD}.Debug|x64.Build.0 = Debug|Any CPU
		{8CE8F2E5-3780-4AD7-AA52-0E3E5CC01FBD}.Debug|x86.ActiveCfg = Debug|Any CPU
		{8CE8F2E5-3780-4AD7-AA52-0E3E5CC01FBD}.Debug|x86.Build.0 = Debug|Any CPU
		{8CE8F2E5-3780-4AD7-AA52-0E3E5CC01FBD}.Release|Any CPU.ActiveCfg = Release|Any CPU
		{8CE8F2E5-3780-4AD7-AA52-0E3E5CC01FBD}.Release|Any CPU.Build.0 = Release|Any CPU
		{8CE8F2E5-3780-4AD7-AA52-0E3E5CC01FBD}.Release|ARM.ActiveCfg = Release|Any CPU
		{8CE8F2E5-3780-4AD7-AA52-0E3E5CC01FBD}.Release|ARM.Build.0 = Release|Any CPU
		{8CE8F2E5-3780-4AD7-AA52-0E3E5CC01FBD}.Release|ARM64.ActiveCfg = Release|Any CPU
		{8CE8F2E5-3780-4AD7-AA52-0E3E5CC01FBD}.Release|ARM64.Build.0 = Release|Any CPU
		{8CE8F2E5-3780-4AD7-AA52-0E3E5CC01FBD}.Release|x64.ActiveCfg = Release|Any CPU
		{8CE8F2E5-3780-4AD7-AA52-0E3E5CC01FBD}.Release|x64.Build.0 = Release|Any CPU
		{8CE8F2E5-3780-4AD7-AA52-0E3E5CC01FBD}.Release|x86.ActiveCfg = Release|Any CPU
		{8CE8F2E5-3780-4AD7-AA52-0E3E5CC01FBD}.Release|x86.Build.0 = Release|Any CPU
		{73648505-2E0D-4ABF-9425-B7E947550BB4}.Debug|Any CPU.ActiveCfg = Debug|Any CPU
		{73648505-2E0D-4ABF-9425-B7E947550BB4}.Debug|Any CPU.Build.0 = Debug|Any CPU
		{73648505-2E0D-4ABF-9425-B7E947550BB4}.Debug|ARM.ActiveCfg = Debug|Any CPU
		{73648505-2E0D-4ABF-9425-B7E947550BB4}.Debug|ARM.Build.0 = Debug|Any CPU
		{73648505-2E0D-4ABF-9425-B7E947550BB4}.Debug|ARM64.ActiveCfg = Debug|Any CPU
		{73648505-2E0D-4ABF-9425-B7E947550BB4}.Debug|ARM64.Build.0 = Debug|Any CPU
		{73648505-2E0D-4ABF-9425-B7E947550BB4}.Debug|x64.ActiveCfg = Debug|Any CPU
		{73648505-2E0D-4ABF-9425-B7E947550BB4}.Debug|x64.Build.0 = Debug|Any CPU
		{73648505-2E0D-4ABF-9425-B7E947550BB4}.Debug|x86.ActiveCfg = Debug|Any CPU
		{73648505-2E0D-4ABF-9425-B7E947550BB4}.Debug|x86.Build.0 = Debug|Any CPU
		{73648505-2E0D-4ABF-9425-B7E947550BB4}.Release|Any CPU.ActiveCfg = Release|Any CPU
		{73648505-2E0D-4ABF-9425-B7E947550BB4}.Release|Any CPU.Build.0 = Release|Any CPU
		{73648505-2E0D-4ABF-9425-B7E947550BB4}.Release|ARM.ActiveCfg = Release|Any CPU
		{73648505-2E0D-4ABF-9425-B7E947550BB4}.Release|ARM.Build.0 = Release|Any CPU
		{73648505-2E0D-4ABF-9425-B7E947550BB4}.Release|ARM64.ActiveCfg = Release|Any CPU
		{73648505-2E0D-4ABF-9425-B7E947550BB4}.Release|ARM64.Build.0 = Release|Any CPU
		{73648505-2E0D-4ABF-9425-B7E947550BB4}.Release|x64.ActiveCfg = Release|Any CPU
		{73648505-2E0D-4ABF-9425-B7E947550BB4}.Release|x64.Build.0 = Release|Any CPU
		{73648505-2E0D-4ABF-9425-B7E947550BB4}.Release|x86.ActiveCfg = Release|Any CPU
		{73648505-2E0D-4ABF-9425-B7E947550BB4}.Release|x86.Build.0 = Release|Any CPU
		{6F7C1C2D-3957-47B7-97BD-011FAD7153B7}.Debug|Any CPU.ActiveCfg = Debug|Any CPU
		{6F7C1C2D-3957-47B7-97BD-011FAD7153B7}.Debug|Any CPU.Build.0 = Debug|Any CPU
		{6F7C1C2D-3957-47B7-97BD-011FAD7153B7}.Debug|ARM.ActiveCfg = Debug|Any CPU
		{6F7C1C2D-3957-47B7-97BD-011FAD7153B7}.Debug|ARM.Build.0 = Debug|Any CPU
		{6F7C1C2D-3957-47B7-97BD-011FAD7153B7}.Debug|ARM64.ActiveCfg = Debug|Any CPU
		{6F7C1C2D-3957-47B7-97BD-011FAD7153B7}.Debug|ARM64.Build.0 = Debug|Any CPU
		{6F7C1C2D-3957-47B7-97BD-011FAD7153B7}.Debug|x64.ActiveCfg = Debug|Any CPU
		{6F7C1C2D-3957-47B7-97BD-011FAD7153B7}.Debug|x64.Build.0 = Debug|Any CPU
		{6F7C1C2D-3957-47B7-97BD-011FAD7153B7}.Debug|x86.ActiveCfg = Debug|Any CPU
		{6F7C1C2D-3957-47B7-97BD-011FAD7153B7}.Debug|x86.Build.0 = Debug|Any CPU
		{6F7C1C2D-3957-47B7-97BD-011FAD7153B7}.Release|Any CPU.ActiveCfg = Release|Any CPU
		{6F7C1C2D-3957-47B7-97BD-011FAD7153B7}.Release|Any CPU.Build.0 = Release|Any CPU
		{6F7C1C2D-3957-47B7-97BD-011FAD7153B7}.Release|ARM.ActiveCfg = Release|Any CPU
		{6F7C1C2D-3957-47B7-97BD-011FAD7153B7}.Release|ARM.Build.0 = Release|Any CPU
		{6F7C1C2D-3957-47B7-97BD-011FAD7153B7}.Release|ARM64.ActiveCfg = Release|Any CPU
		{6F7C1C2D-3957-47B7-97BD-011FAD7153B7}.Release|ARM64.Build.0 = Release|Any CPU
		{6F7C1C2D-3957-47B7-97BD-011FAD7153B7}.Release|x64.ActiveCfg = Release|Any CPU
		{6F7C1C2D-3957-47B7-97BD-011FAD7153B7}.Release|x64.Build.0 = Release|Any CPU
		{6F7C1C2D-3957-47B7-97BD-011FAD7153B7}.Release|x86.ActiveCfg = Release|Any CPU
		{6F7C1C2D-3957-47B7-97BD-011FAD7153B7}.Release|x86.Build.0 = Release|Any CPU
		{653E71C7-F248-4478-9A3A-0C97B02D742B}.Debug|Any CPU.ActiveCfg = Debug|Any CPU
		{653E71C7-F248-4478-9A3A-0C97B02D742B}.Debug|Any CPU.Build.0 = Debug|Any CPU
		{653E71C7-F248-4478-9A3A-0C97B02D742B}.Debug|ARM.ActiveCfg = Debug|Any CPU
		{653E71C7-F248-4478-9A3A-0C97B02D742B}.Debug|ARM.Build.0 = Debug|Any CPU
		{653E71C7-F248-4478-9A3A-0C97B02D742B}.Debug|ARM64.ActiveCfg = Debug|Any CPU
		{653E71C7-F248-4478-9A3A-0C97B02D742B}.Debug|ARM64.Build.0 = Debug|Any CPU
		{653E71C7-F248-4478-9A3A-0C97B02D742B}.Debug|x64.ActiveCfg = Debug|Any CPU
		{653E71C7-F248-4478-9A3A-0C97B02D742B}.Debug|x64.Build.0 = Debug|Any CPU
		{653E71C7-F248-4478-9A3A-0C97B02D742B}.Debug|x86.ActiveCfg = Debug|Any CPU
		{653E71C7-F248-4478-9A3A-0C97B02D742B}.Debug|x86.Build.0 = Debug|Any CPU
		{653E71C7-F248-4478-9A3A-0C97B02D742B}.Release|Any CPU.ActiveCfg = Release|Any CPU
		{653E71C7-F248-4478-9A3A-0C97B02D742B}.Release|Any CPU.Build.0 = Release|Any CPU
		{653E71C7-F248-4478-9A3A-0C97B02D742B}.Release|ARM.ActiveCfg = Release|Any CPU
		{653E71C7-F248-4478-9A3A-0C97B02D742B}.Release|ARM.Build.0 = Release|Any CPU
		{653E71C7-F248-4478-9A3A-0C97B02D742B}.Release|ARM64.ActiveCfg = Release|Any CPU
		{653E71C7-F248-4478-9A3A-0C97B02D742B}.Release|ARM64.Build.0 = Release|Any CPU
		{653E71C7-F248-4478-9A3A-0C97B02D742B}.Release|x64.ActiveCfg = Release|Any CPU
		{653E71C7-F248-4478-9A3A-0C97B02D742B}.Release|x64.Build.0 = Release|Any CPU
		{653E71C7-F248-4478-9A3A-0C97B02D742B}.Release|x86.ActiveCfg = Release|Any CPU
		{653E71C7-F248-4478-9A3A-0C97B02D742B}.Release|x86.Build.0 = Release|Any CPU
	EndGlobalSection
	GlobalSection(SolutionProperties) = preSolution
		HideSolutionNode = FALSE
	EndGlobalSection
	GlobalSection(ExtensibilityGlobals) = postSolution
		SolutionGuid = {833EC1FC-4953-4510-B4AD-D25F18F9D112}
	EndGlobalSection
EndGlobal
